
Microsoft Visual Studio Solution File, Format Version 12.00
# Visual Studio Version 16
VisualStudioVersion = 16.0.29709.97
MinimumVisualStudioVersion = 10.0.40219.1
Project("{FAE04EC0-301F-11D3-BF4B-00C04F79EFBC}") = "HeadFirstContacts", "HeadFirstContacts\HeadFirstContacts.csproj", "{62E347A5-3334-4FCF-B0A7-832B208AFA6A}"
EndProject
Global
	GlobalSection(SolutionConfigurationPlatforms) = preSolution
		Debug|Any CPU = Debug|Any CPU
		Release|Any CPU = Release|Any CPU
	EndGlobalSection
	GlobalSection(ProjectConfigurationPlatforms) = postSolution
		{62E347A5-3334-4FCF-B0A7-832B208AFA6A}.Debug|Any CPU.ActiveCfg = Debug|Any CPU
		{62E347A5-3334-4FCF-B0A7-832B208AFA6A}.Debug|Any CPU.Build.0 = Debug|Any CPU
		{62E347A5-3334-4FCF-B0A7-832B208AFA6A}.Release|Any CPU.ActiveCfg = Release|Any CPU
		{62E347A5-3334-4FCF-B0A7-832B208AFA6A}.Release|Any CPU.Build.0 = Release|Any CPU
	EndGlobalSection
	GlobalSection(SolutionProperties) = preSolution
		HideSolutionNode = FALSE
	EndGlobalSection
	GlobalSection(ExtensibilityGlobals) = postSolution
		SolutionGuid = {F14B1802-6267-4440-9BB2-B388A35C8895}
	EndGlobalSection
EndGlobal
